
Microsoft Visual Studio Solution File, Format Version 12.00
# Visual Studio 2013
VisualStudioVersion = 12.0.30723.0
MinimumVisualStudioVersion = 10.0.40219.1
Project("{FAE04EC0-301F-11D3-BF4B-00C04F79EFBC}") = "Fastlite.DrivenDb.Data", "Fastlite.DrivenDb.Data\Fastlite.DrivenDb.Data.csproj", "{45232233-1361-43AE-B0DD-E69B6A9B75ED}"
EndProject
Project("{FAE04EC0-301F-11D3-BF4B-00C04F79EFBC}") = "Fastlite.DrivenDb.Core", "Fastlite.DrivenDb.Core\Fastlite.DrivenDb.Core.csproj", "{C075965C-70B2-4BD2-853D-2872C18818A5}"
EndProject
Project("{FAE04EC0-301F-11D3-BF4B-00C04F79EFBC}") = "Fastlite.DrivenDb.Console", "Fastlite.DrivenDb.Console\Fastlite.DrivenDb.Console.csproj", "{8C77418E-B5E7-4AB5-999A-36F523471485}"
EndProject
Project("{FAE04EC0-301F-11D3-BF4B-00C04F79EFBC}") = "Fastlite.DrivenDb.Generator", "Fastlite.DrivenDb.Generator\Fastlite.DrivenDb.Generator.csproj", "{10769038-BBBA-4361-865F-CAD38EB307C0}"
EndProject
Project("{FAE04EC0-301F-11D3-BF4B-00C04F79EFBC}") = "Fastlite.DrivenDb.Data.Tests", "Fastlite.DrivenDb.Data.Tests\Fastlite.DrivenDb.Data.Tests.csproj", "{1A373098-BF0D-446C-8379-BAB62AB08963}"
EndProject
Project("{2150E333-8FDC-42A3-9474-1A3956D46DE8}") = ".nuget", ".nuget", "{44BA9157-C864-4586-A168-99CE5562F490}"
	ProjectSection(SolutionItems) = preProject
		.nuget\NuGet.Config = .nuget\NuGet.Config
		.nuget\NuGet.exe = .nuget\NuGet.exe
	EndProjectSection
EndProject
Project("{2150E333-8FDC-42A3-9474-1A3956D46DE8}") = "Tests", "Tests", "{55DBF049-5A30-408A-913E-DF12498D994C}"
EndProject
Project("{2150E333-8FDC-42A3-9474-1A3956D46DE8}") = "Solution Items", "Solution Items", "{7EC119BF-0387-4CE2-A963-81A93D0E4F01}"
	ProjectSection(SolutionItems) = preProject
		DrivenDb.txt = DrivenDb.txt
	EndProjectSection
EndProject
Project("{FAE04EC0-301F-11D3-BF4B-00C04F79EFBC}") = "Fastlite.Framework", "Fastlite.Framework\Fastlite.Framework.csproj", "{A509C7FF-493C-4861-A2BA-7FFB56707CD8}"
EndProject
Project("{FAE04EC0-301F-11D3-BF4B-00C04F79EFBC}") = "Fastlite.DrivenDb.Tests", "Fastlite.DrivenDb.Tests\Fastlite.DrivenDb.Tests.csproj", "{2AFE7DFF-A79B-4A23-8ABA-BBF3E234F48A}"
EndProject
Project("{FAE04EC0-301F-11D3-BF4B-00C04F79EFBC}") = "Fastlite.DrivenDb", "Fastlite.DrivenDb\Fastlite.DrivenDb.csproj", "{7C434EB0-E4CC-4C5C-987B-BFD8CFD1C6D3}"
EndProject
Project("{FAE04EC0-301F-11D3-BF4B-00C04F79EFBC}") = "Fastlite.Framework.Tests", "Fastlite.Framework.Tests\Fastlite.Framework.Tests.csproj", "{2C926128-F6C0-4D3D-8D09-DD1CC43772FD}"
EndProject
Project("{2150E333-8FDC-42A3-9474-1A3956D46DE8}") = "v1", "v1", "{164EEFC5-B69F-4DDC-9965-69FE763C2FD6}"
EndProject
Project("{2150E333-8FDC-42A3-9474-1A3956D46DE8}") = "Tests", "Tests", "{00CD93BD-0F73-4E99-BBBE-3D6A0E7E399B}"
EndProject
Global
	GlobalSection(SolutionConfigurationPlatforms) = preSolution
		Debug - All Tests|Any CPU = Debug - All Tests|Any CPU
		Debug - All Tests|ARM = Debug - All Tests|ARM
		Debug - All Tests|x64 = Debug - All Tests|x64
		Debug - All Tests|x86 = Debug - All Tests|x86
		Debug|Any CPU = Debug|Any CPU
		Debug|ARM = Debug|ARM
		Debug|x64 = Debug|x64
		Debug|x86 = Debug|x86
		Release|Any CPU = Release|Any CPU
		Release|ARM = Release|ARM
		Release|x64 = Release|x64
		Release|x86 = Release|x86
	EndGlobalSection
	GlobalSection(ProjectConfigurationPlatforms) = postSolution
		{45232233-1361-43AE-B0DD-E69B6A9B75ED}.Debug - All Tests|Any CPU.ActiveCfg = Debug - All Tests|Any CPU
		{45232233-1361-43AE-B0DD-E69B6A9B75ED}.Debug - All Tests|Any CPU.Build.0 = Debug - All Tests|Any CPU
		{45232233-1361-43AE-B0DD-E69B6A9B75ED}.Debug - All Tests|ARM.ActiveCfg = Debug - All Tests|Any CPU
		{45232233-1361-43AE-B0DD-E69B6A9B75ED}.Debug - All Tests|x64.ActiveCfg = Debug - All Tests|Any CPU
		{45232233-1361-43AE-B0DD-E69B6A9B75ED}.Debug - All Tests|x86.ActiveCfg = Debug - All Tests|Any CPU
		{45232233-1361-43AE-B0DD-E69B6A9B75ED}.Debug|Any CPU.ActiveCfg = Debug|Any CPU
		{45232233-1361-43AE-B0DD-E69B6A9B75ED}.Debug|Any CPU.Build.0 = Debug|Any CPU
		{45232233-1361-43AE-B0DD-E69B6A9B75ED}.Debug|ARM.ActiveCfg = Debug|Any CPU
		{45232233-1361-43AE-B0DD-E69B6A9B75ED}.Debug|x64.ActiveCfg = Debug|Any CPU
		{45232233-1361-43AE-B0DD-E69B6A9B75ED}.Debug|x86.ActiveCfg = Debug|Any CPU
		{45232233-1361-43AE-B0DD-E69B6A9B75ED}.Release|Any CPU.ActiveCfg = Release|Any CPU
		{45232233-1361-43AE-B0DD-E69B6A9B75ED}.Release|Any CPU.Build.0 = Release|Any CPU
		{45232233-1361-43AE-B0DD-E69B6A9B75ED}.Release|ARM.ActiveCfg = Release|Any CPU
		{45232233-1361-43AE-B0DD-E69B6A9B75ED}.Release|x64.ActiveCfg = Release|Any CPU
		{45232233-1361-43AE-B0DD-E69B6A9B75ED}.Release|x86.ActiveCfg = Release|Any CPU
		{C075965C-70B2-4BD2-853D-2872C18818A5}.Debug - All Tests|Any CPU.ActiveCfg = Debug - All Tests|Any CPU
		{C075965C-70B2-4BD2-853D-2872C18818A5}.Debug - All Tests|Any CPU.Build.0 = Debug - All Tests|Any CPU
		{C075965C-70B2-4BD2-853D-2872C18818A5}.Debug - All Tests|ARM.ActiveCfg = Debug - All Tests|Any CPU
		{C075965C-70B2-4BD2-853D-2872C18818A5}.Debug - All Tests|x64.ActiveCfg = Debug - All Tests|Any CPU
		{C075965C-70B2-4BD2-853D-2872C18818A5}.Debug - All Tests|x86.ActiveCfg = Debug - All Tests|Any CPU
		{C075965C-70B2-4BD2-853D-2872C18818A5}.Debug|Any CPU.ActiveCfg = Debug|Any CPU
		{C075965C-70B2-4BD2-853D-2872C18818A5}.Debug|Any CPU.Build.0 = Debug|Any CPU
		{C075965C-70B2-4BD2-853D-2872C18818A5}.Debug|ARM.ActiveCfg = Debug|Any CPU
		{C075965C-70B2-4BD2-853D-2872C18818A5}.Debug|x64.ActiveCfg = Debug|Any CPU
		{C075965C-70B2-4BD2-853D-2872C18818A5}.Debug|x86.ActiveCfg = Debug|Any CPU
		{C075965C-70B2-4BD2-853D-2872C18818A5}.Release|Any CPU.ActiveCfg = Release|Any CPU
		{C075965C-70B2-4BD2-853D-2872C18818A5}.Release|Any CPU.Build.0 = Release|Any CPU
		{C075965C-70B2-4BD2-853D-2872C18818A5}.Release|ARM.ActiveCfg = Release|Any CPU
		{C075965C-70B2-4BD2-853D-2872C18818A5}.Release|x64.ActiveCfg = Release|Any CPU
		{C075965C-70B2-4BD2-853D-2872C18818A5}.Release|x86.ActiveCfg = Release|Any CPU
		{8C77418E-B5E7-4AB5-999A-36F523471485}.Debug - All Tests|Any CPU.ActiveCfg = Debug - All Tests|Any CPU
		{8C77418E-B5E7-4AB5-999A-36F523471485}.Debug - All Tests|Any CPU.Build.0 = Debug - All Tests|Any CPU
		{8C77418E-B5E7-4AB5-999A-36F523471485}.Debug - All Tests|ARM.ActiveCfg = Debug - All Tests|Any CPU
		{8C77418E-B5E7-4AB5-999A-36F523471485}.Debug - All Tests|x64.ActiveCfg = Debug - All Tests|Any CPU
		{8C77418E-B5E7-4AB5-999A-36F523471485}.Debug - All Tests|x86.ActiveCfg = Debug - All Tests|Any CPU
		{8C77418E-B5E7-4AB5-999A-36F523471485}.Debug|Any CPU.ActiveCfg = Debug|Any CPU
		{8C77418E-B5E7-4AB5-999A-36F523471485}.Debug|Any CPU.Build.0 = Debug|Any CPU
		{8C77418E-B5E7-4AB5-999A-36F523471485}.Debug|ARM.ActiveCfg = Debug|Any CPU
		{8C77418E-B5E7-4AB5-999A-36F523471485}.Debug|x64.ActiveCfg = Debug|Any CPU
		{8C77418E-B5E7-4AB5-999A-36F523471485}.Debug|x86.ActiveCfg = Debug|Any CPU
		{8C77418E-B5E7-4AB5-999A-36F523471485}.Release|Any CPU.ActiveCfg = Release|Any CPU
		{8C77418E-B5E7-4AB5-999A-36F523471485}.Release|Any CPU.Build.0 = Release|Any CPU
		{8C77418E-B5E7-4AB5-999A-36F523471485}.Release|ARM.ActiveCfg = Release|Any CPU
		{8C77418E-B5E7-4AB5-999A-36F523471485}.Release|x64.ActiveCfg = Release|Any CPU
		{8C77418E-B5E7-4AB5-999A-36F523471485}.Release|x86.ActiveCfg = Release|Any CPU
		{10769038-BBBA-4361-865F-CAD38EB307C0}.Debug - All Tests|Any CPU.ActiveCfg = Debug - All Tests|Any CPU
		{10769038-BBBA-4361-865F-CAD38EB307C0}.Debug - All Tests|Any CPU.Build.0 = Debug - All Tests|Any CPU
		{10769038-BBBA-4361-865F-CAD38EB307C0}.Debug - All Tests|ARM.ActiveCfg = Debug - All Tests|Any CPU
		{10769038-BBBA-4361-865F-CAD38EB307C0}.Debug - All Tests|x64.ActiveCfg = Debug - All Tests|Any CPU
		{10769038-BBBA-4361-865F-CAD38EB307C0}.Debug - All Tests|x86.ActiveCfg = Debug - All Tests|Any CPU
		{10769038-BBBA-4361-865F-CAD38EB307C0}.Debug|Any CPU.ActiveCfg = Debug|Any CPU
		{10769038-BBBA-4361-865F-CAD38EB307C0}.Debug|Any CPU.Build.0 = Debug|Any CPU
		{10769038-BBBA-4361-865F-CAD38EB307C0}.Debug|ARM.ActiveCfg = Debug|Any CPU
		{10769038-BBBA-4361-865F-CAD38EB307C0}.Debug|x64.ActiveCfg = Debug|Any CPU
		{10769038-BBBA-4361-865F-CAD38EB307C0}.Debug|x86.ActiveCfg = Debug|Any CPU
		{10769038-BBBA-4361-865F-CAD38EB307C0}.Release|Any CPU.ActiveCfg = Release|Any CPU
		{10769038-BBBA-4361-865F-CAD38EB307C0}.Release|Any CPU.Build.0 = Release|Any CPU
		{10769038-BBBA-4361-865F-CAD38EB307C0}.Release|ARM.ActiveCfg = Release|Any CPU
		{10769038-BBBA-4361-865F-CAD38EB307C0}.Release|x64.ActiveCfg = Release|Any CPU
		{10769038-BBBA-4361-865F-CAD38EB307C0}.Release|x86.ActiveCfg = Release|Any CPU
		{1A373098-BF0D-446C-8379-BAB62AB08963}.Debug - All Tests|Any CPU.ActiveCfg = Debug - All Tests|Any CPU
		{1A373098-BF0D-446C-8379-BAB62AB08963}.Debug - All Tests|Any CPU.Build.0 = Debug - All Tests|Any CPU
		{1A373098-BF0D-446C-8379-BAB62AB08963}.Debug - All Tests|ARM.ActiveCfg = Debug - All Tests|Any CPU
		{1A373098-BF0D-446C-8379-BAB62AB08963}.Debug - All Tests|x64.ActiveCfg = Debug - All Tests|Any CPU
		{1A373098-BF0D-446C-8379-BAB62AB08963}.Debug - All Tests|x86.ActiveCfg = Debug - All Tests|Any CPU
		{1A373098-BF0D-446C-8379-BAB62AB08963}.Debug|Any CPU.ActiveCfg = Debug|Any CPU
		{1A373098-BF0D-446C-8379-BAB62AB08963}.Debug|Any CPU.Build.0 = Debug|Any CPU
		{1A373098-BF0D-446C-8379-BAB62AB08963}.Debug|ARM.ActiveCfg = Debug|Any CPU
		{1A373098-BF0D-446C-8379-BAB62AB08963}.Debug|x64.ActiveCfg = Debug|Any CPU
		{1A373098-BF0D-446C-8379-BAB62AB08963}.Debug|x86.ActiveCfg = Debug|Any CPU
		{1A373098-BF0D-446C-8379-BAB62AB08963}.Release|Any CPU.ActiveCfg = Release|Any CPU
		{1A373098-BF0D-446C-8379-BAB62AB08963}.Release|ARM.ActiveCfg = Release|Any CPU
		{1A373098-BF0D-446C-8379-BAB62AB08963}.Release|x64.ActiveCfg = Release|Any CPU
		{1A373098-BF0D-446C-8379-BAB62AB08963}.Release|x86.ActiveCfg = Release|Any CPU
		{A509C7FF-493C-4861-A2BA-7FFB56707CD8}.Debug - All Tests|Any CPU.ActiveCfg = Debug|Any CPU
		{A509C7FF-493C-4861-A2BA-7FFB56707CD8}.Debug - All Tests|Any CPU.Build.0 = Debug|Any CPU
		{A509C7FF-493C-4861-A2BA-7FFB56707CD8}.Debug - All Tests|ARM.ActiveCfg = Debug|Any CPU
		{A509C7FF-493C-4861-A2BA-7FFB56707CD8}.Debug - All Tests|x64.ActiveCfg = Debug|Any CPU
		{A509C7FF-493C-4861-A2BA-7FFB56707CD8}.Debug - All Tests|x86.ActiveCfg = Debug|Any CPU
		{A509C7FF-493C-4861-A2BA-7FFB56707CD8}.Debug|Any CPU.ActiveCfg = Debug|Any CPU
		{A509C7FF-493C-4861-A2BA-7FFB56707CD8}.Debug|Any CPU.Build.0 = Debug|Any CPU
		{A509C7FF-493C-4861-A2BA-7FFB56707CD8}.Debug|ARM.ActiveCfg = Debug|Any CPU
		{A509C7FF-493C-4861-A2BA-7FFB56707CD8}.Debug|x64.ActiveCfg = Debug|Any CPU
		{A509C7FF-493C-4861-A2BA-7FFB56707CD8}.Debug|x86.ActiveCfg = Debug|Any CPU
		{A509C7FF-493C-4861-A2BA-7FFB56707CD8}.Release|Any CPU.ActiveCfg = Release|Any CPU
		{A509C7FF-493C-4861-A2BA-7FFB56707CD8}.Release|Any CPU.Build.0 = Release|Any CPU
		{A509C7FF-493C-4861-A2BA-7FFB56707CD8}.Release|ARM.ActiveCfg = Release|Any CPU
		{A509C7FF-493C-4861-A2BA-7FFB56707CD8}.Release|x64.ActiveCfg = Release|Any CPU
		{A509C7FF-493C-4861-A2BA-7FFB56707CD8}.Release|x86.ActiveCfg = Release|Any CPU
		{2AFE7DFF-A79B-4A23-8ABA-BBF3E234F48A}.Debug - All Tests|Any CPU.ActiveCfg = Debug|Any CPU
		{2AFE7DFF-A79B-4A23-8ABA-BBF3E234F48A}.Debug - All Tests|Any CPU.Build.0 = Debug|Any CPU
		{2AFE7DFF-A79B-4A23-8ABA-BBF3E234F48A}.Debug - All Tests|ARM.ActiveCfg = Debug|Any CPU
		{2AFE7DFF-A79B-4A23-8ABA-BBF3E234F48A}.Debug - All Tests|x64.ActiveCfg = Debug|Any CPU
		{2AFE7DFF-A79B-4A23-8ABA-BBF3E234F48A}.Debug - All Tests|x86.ActiveCfg = Debug|Any CPU
		{2AFE7DFF-A79B-4A23-8ABA-BBF3E234F48A}.Debug|Any CPU.ActiveCfg = Debug|Any CPU
		{2AFE7DFF-A79B-4A23-8ABA-BBF3E234F48A}.Debug|Any CPU.Build.0 = Debug|Any CPU
		{2AFE7DFF-A79B-4A23-8ABA-BBF3E234F48A}.Debug|ARM.ActiveCfg = Debug|Any CPU
		{2AFE7DFF-A79B-4A23-8ABA-BBF3E234F48A}.Debug|x64.ActiveCfg = Debug|Any CPU
		{2AFE7DFF-A79B-4A23-8ABA-BBF3E234F48A}.Debug|x86.ActiveCfg = Debug|Any CPU
		{2AFE7DFF-A79B-4A23-8ABA-BBF3E234F48A}.Release|Any CPU.ActiveCfg = Release|Any CPU
		{2AFE7DFF-A79B-4A23-8ABA-BBF3E234F48A}.Release|Any CPU.Build.0 = Release|Any CPU
		{2AFE7DFF-A79B-4A23-8ABA-BBF3E234F48A}.Release|ARM.ActiveCfg = Release|Any CPU
		{2AFE7DFF-A79B-4A23-8ABA-BBF3E234F48A}.Release|x64.ActiveCfg = Release|Any CPU
		{2AFE7DFF-A79B-4A23-8ABA-BBF3E234F48A}.Release|x86.ActiveCfg = Release|Any CPU
		{7C434EB0-E4CC-4C5C-987B-BFD8CFD1C6D3}.Debug - All Tests|Any CPU.ActiveCfg = Debug|Any CPU
		{7C434EB0-E4CC-4C5C-987B-BFD8CFD1C6D3}.Debug - All Tests|Any CPU.Build.0 = Debug|Any CPU
		{7C434EB0-E4CC-4C5C-987B-BFD8CFD1C6D3}.Debug - All Tests|ARM.ActiveCfg = Debug|Any CPU
		{7C434EB0-E4CC-4C5C-987B-BFD8CFD1C6D3}.Debug - All Tests|x64.ActiveCfg = Debug|Any CPU
		{7C434EB0-E4CC-4C5C-987B-BFD8CFD1C6D3}.Debug - All Tests|x86.ActiveCfg = Debug|Any CPU
		{7C434EB0-E4CC-4C5C-987B-BFD8CFD1C6D3}.Debug|Any CPU.ActiveCfg = Debug|Any CPU
		{7C434EB0-E4CC-4C5C-987B-BFD8CFD1C6D3}.Debug|Any CPU.Build.0 = Debug|Any CPU
		{7C434EB0-E4CC-4C5C-987B-BFD8CFD1C6D3}.Debug|ARM.ActiveCfg = Debug|Any CPU
		{7C434EB0-E4CC-4C5C-987B-BFD8CFD1C6D3}.Debug|x64.ActiveCfg = Debug|Any CPU
		{7C434EB0-E4CC-4C5C-987B-BFD8CFD1C6D3}.Debug|x86.ActiveCfg = Debug|Any CPU
		{7C434EB0-E4CC-4C5C-987B-BFD8CFD1C6D3}.Release|Any CPU.ActiveCfg = Release|Any CPU
		{7C434EB0-E4CC-4C5C-987B-BFD8CFD1C6D3}.Release|Any CPU.Build.0 = Release|Any CPU
		{7C434EB0-E4CC-4C5C-987B-BFD8CFD1C6D3}.Release|ARM.ActiveCfg = Release|Any CPU
		{7C434EB0-E4CC-4C5C-987B-BFD8CFD1C6D3}.Release|x64.ActiveCfg = Release|Any CPU
		{7C434EB0-E4CC-4C5C-987B-BFD8CFD1C6D3}.Release|x86.ActiveCfg = Release|Any CPU
		{2C926128-F6C0-4D3D-8D09-DD1CC43772FD}.Debug - All Tests|Any CPU.ActiveCfg = Debug|Any CPU
		{2C926128-F6C0-4D3D-8D09-DD1CC43772FD}.Debug - All Tests|Any CPU.Build.0 = Debug|Any CPU
		{2C926128-F6C0-4D3D-8D09-DD1CC43772FD}.Debug - All Tests|ARM.ActiveCfg = Debug|Any CPU
		{2C926128-F6C0-4D3D-8D09-DD1CC43772FD}.Debug - All Tests|x64.ActiveCfg = Debug|Any CPU
		{2C926128-F6C0-4D3D-8D09-DD1CC43772FD}.Debug - All Tests|x86.ActiveCfg = Debug|Any CPU
		{2C926128-F6C0-4D3D-8D09-DD1CC43772FD}.Debug|Any CPU.ActiveCfg = Debug|Any CPU
		{2C926128-F6C0-4D3D-8D09-DD1CC43772FD}.Debug|Any CPU.Build.0 = Debug|Any CPU
		{2C926128-F6C0-4D3D-8D09-DD1CC43772FD}.Debug|ARM.ActiveCfg = Debug|Any CPU
		{2C926128-F6C0-4D3D-8D09-DD1CC43772FD}.Debug|x64.ActiveCfg = Debug|Any CPU
		{2C926128-F6C0-4D3D-8D09-DD1CC43772FD}.Debug|x86.ActiveCfg = Debug|Any CPU
		{2C926128-F6C0-4D3D-8D09-DD1CC43772FD}.Release|Any CPU.ActiveCfg = Release|Any CPU
		{2C926128-F6C0-4D3D-8D09-DD1CC43772FD}.Release|Any CPU.Build.0 = Release|Any CPU
		{2C926128-F6C0-4D3D-8D09-DD1CC43772FD}.Release|ARM.ActiveCfg = Release|Any CPU
		{2C926128-F6C0-4D3D-8D09-DD1CC43772FD}.Release|x64.ActiveCfg = Release|Any CPU
		{2C926128-F6C0-4D3D-8D09-DD1CC43772FD}.Release|x86.ActiveCfg = Release|Any CPU
	EndGlobalSection
	GlobalSection(SolutionProperties) = preSolution
		HideSolutionNode = FALSE
	EndGlobalSection
	GlobalSection(NestedProjects) = preSolution
		{45232233-1361-43AE-B0DD-E69B6A9B75ED} = {164EEFC5-B69F-4DDC-9965-69FE763C2FD6}
		{C075965C-70B2-4BD2-853D-2872C18818A5} = {164EEFC5-B69F-4DDC-9965-69FE763C2FD6}
		{10769038-BBBA-4361-865F-CAD38EB307C0} = {164EEFC5-B69F-4DDC-9965-69FE763C2FD6}
		{1A373098-BF0D-446C-8379-BAB62AB08963} = {00CD93BD-0F73-4E99-BBBE-3D6A0E7E399B}
		{2AFE7DFF-A79B-4A23-8ABA-BBF3E234F48A} = {55DBF049-5A30-408A-913E-DF12498D994C}
		{2C926128-F6C0-4D3D-8D09-DD1CC43772FD} = {55DBF049-5A30-408A-913E-DF12498D994C}
		{00CD93BD-0F73-4E99-BBBE-3D6A0E7E399B} = {164EEFC5-B69F-4DDC-9965-69FE763C2FD6}
	EndGlobalSection
EndGlobal
