
Microsoft Visual Studio Solution File, Format Version 12.00
# Visual Studio 2013
VisualStudioVersion = 12.0.30723.0
MinimumVisualStudioVersion = 10.0.40219.1
Project("{FAE04EC0-301F-11D3-BF4B-00C04F79EFBC}") = "DrivenDb", "DrivenDb\DrivenDb.csproj", "{AC60FADE-3264-4BA0-8157-6899D77B02C7}"
EndProject
Project("{2150E333-8FDC-42A3-9474-1A3956D46DE8}") = "Portable", "Portable", "{232207F9-61B8-4FD4-B54E-16CBA43185F0}"
EndProject
Project("{2150E333-8FDC-42A3-9474-1A3956D46DE8}") = "Tests", "Tests", "{D674EB67-3E03-4879-A020-1E3DA34240B7}"
EndProject
Project("{2150E333-8FDC-42A3-9474-1A3956D46DE8}") = "Tools", "Tools", "{3F3F8ABA-DB11-4EFB-A930-C61EEECB5D64}"
EndProject
Project("{FAE04EC0-301F-11D3-BF4B-00C04F79EFBC}") = "DrivenDbd", "Portable\DrivenDbd\DrivenDbd.csproj", "{EB27E068-E769-4DD1-A9E8-1CD438147D7D}"
EndProject
Project("{FAE04EC0-301F-11D3-BF4B-00C04F79EFBC}") = "DrivenDbp", "Portable\DrivenDbp\DrivenDbp.csproj", "{8C3D3A2A-9AAB-4DB9-B578-9308CDC4F0FA}"
EndProject
Project("{FAE04EC0-301F-11D3-BF4B-00C04F79EFBC}") = "DrivenDbConsole", "Tools\DrivenDbConsole\DrivenDbConsole.csproj", "{4B8DB4E8-4AF1-4C13-8BB7-5438425BE716}"
EndProject
Project("{FAE04EC0-301F-11D3-BF4B-00C04F79EFBC}") = "DrivenDb.VisualStudio.GeneratorTool", "Tools\DrivenDb.VisualStudio.GeneratorTool\DrivenDb.VisualStudio.GeneratorTool.csproj", "{BDA1A291-239E-4F82-B19F-F658548116F3}"
EndProject
Project("{FAE04EC0-301F-11D3-BF4B-00C04F79EFBC}") = "DrivenDbp.Tests", "Tests\DrivenDbp.Tests\DrivenDbp.Tests.csproj", "{8A2B2F02-5FDA-4C77-92E7-A89FCB43BD20}"
EndProject
Project("{FAE04EC0-301F-11D3-BF4B-00C04F79EFBC}") = "DrivenDb.MsSql.Tests", "Tests\DrivenDb.MsSql.Tests\DrivenDb.MsSql.Tests.csproj", "{6017D766-42B0-458F-90FE-B4056B0EFE4E}"
EndProject
Project("{FAE04EC0-301F-11D3-BF4B-00C04F79EFBC}") = "DrivenDb.MySql.Tests", "Tests\DrivenDb.MySql.Tests\DrivenDb.MySql.Tests.csproj", "{3E663574-9D93-4223-88E3-E002821AF80B}"
EndProject
Project("{FAE04EC0-301F-11D3-BF4B-00C04F79EFBC}") = "DrivenDb.SqLite.Tests", "Tests\DrivenDb.SqLite.Tests\DrivenDb.SqLite.Tests.csproj", "{B44D24B2-318A-4F14-8E5D-895D5A3387E2}"
EndProject
Project("{FAE04EC0-301F-11D3-BF4B-00C04F79EFBC}") = "DrivenDb.Tests", "Tests\DrivenDb.Tests\DrivenDb.Tests.csproj", "{8979A411-DACB-440D-953C-FBB54380E030}"
EndProject
Project("{FAE04EC0-301F-11D3-BF4B-00C04F79EFBC}") = "DrivenDbd.SqLite.Tests", "Tests\DrivenDbd.SqLite.Tests\DrivenDbd.SqLite.Tests.csproj", "{969B5588-CDBB-417D-A2D5-9DD2E0C0BE83}"
EndProject
Project("{FAE04EC0-301F-11D3-BF4B-00C04F79EFBC}") = "DrivenDbd.Tests", "Tests\DrivenDbd.Tests\DrivenDbd.Tests.csproj", "{A0BF2148-32F8-4B5F-8D22-F1E0B2CD0007}"
EndProject
Project("{2150E333-8FDC-42A3-9474-1A3956D46DE8}") = ".nuget", ".nuget", "{8566532F-2A35-44D8-802F-8ADE730CFEF0}"
	ProjectSection(SolutionItems) = preProject
		.nuget\NuGet.Config = .nuget\NuGet.Config
		.nuget\NuGet.exe = .nuget\NuGet.exe
		.nuget\NuGet.targets = .nuget\NuGet.targets
	EndProjectSection
EndProject
Global
	GlobalSection(SolutionConfigurationPlatforms) = preSolution
		Debug|Any CPU = Debug|Any CPU
		Debug|ARM = Debug|ARM
		Debug|x64 = Debug|x64
		Debug|x86 = Debug|x86
		Release|Any CPU = Release|Any CPU
		Release|ARM = Release|ARM
		Release|x64 = Release|x64
		Release|x86 = Release|x86
	EndGlobalSection
	GlobalSection(ProjectConfigurationPlatforms) = postSolution
		{AC60FADE-3264-4BA0-8157-6899D77B02C7}.Debug|Any CPU.ActiveCfg = Debug|Any CPU
		{AC60FADE-3264-4BA0-8157-6899D77B02C7}.Debug|Any CPU.Build.0 = Debug|Any CPU
		{AC60FADE-3264-4BA0-8157-6899D77B02C7}.Debug|ARM.ActiveCfg = Debug|Any CPU
		{AC60FADE-3264-4BA0-8157-6899D77B02C7}.Debug|x64.ActiveCfg = Debug|Any CPU
		{AC60FADE-3264-4BA0-8157-6899D77B02C7}.Debug|x86.ActiveCfg = Debug|Any CPU
		{AC60FADE-3264-4BA0-8157-6899D77B02C7}.Release|Any CPU.ActiveCfg = Release|Any CPU
		{AC60FADE-3264-4BA0-8157-6899D77B02C7}.Release|Any CPU.Build.0 = Release|Any CPU
		{AC60FADE-3264-4BA0-8157-6899D77B02C7}.Release|ARM.ActiveCfg = Release|Any CPU
		{AC60FADE-3264-4BA0-8157-6899D77B02C7}.Release|x64.ActiveCfg = Release|Any CPU
		{AC60FADE-3264-4BA0-8157-6899D77B02C7}.Release|x86.ActiveCfg = Release|Any CPU
		{EB27E068-E769-4DD1-A9E8-1CD438147D7D}.Debug|Any CPU.ActiveCfg = Debug|Any CPU
		{EB27E068-E769-4DD1-A9E8-1CD438147D7D}.Debug|Any CPU.Build.0 = Debug|Any CPU
		{EB27E068-E769-4DD1-A9E8-1CD438147D7D}.Debug|ARM.ActiveCfg = Debug|Any CPU
		{EB27E068-E769-4DD1-A9E8-1CD438147D7D}.Debug|x64.ActiveCfg = Debug|Any CPU
		{EB27E068-E769-4DD1-A9E8-1CD438147D7D}.Debug|x86.ActiveCfg = Debug|Any CPU
		{EB27E068-E769-4DD1-A9E8-1CD438147D7D}.Release|Any CPU.ActiveCfg = Release|Any CPU
		{EB27E068-E769-4DD1-A9E8-1CD438147D7D}.Release|Any CPU.Build.0 = Release|Any CPU
		{EB27E068-E769-4DD1-A9E8-1CD438147D7D}.Release|ARM.ActiveCfg = Release|Any CPU
		{EB27E068-E769-4DD1-A9E8-1CD438147D7D}.Release|x64.ActiveCfg = Release|Any CPU
		{EB27E068-E769-4DD1-A9E8-1CD438147D7D}.Release|x86.ActiveCfg = Release|Any CPU
		{8C3D3A2A-9AAB-4DB9-B578-9308CDC4F0FA}.Debug|Any CPU.ActiveCfg = Debug|Any CPU
		{8C3D3A2A-9AAB-4DB9-B578-9308CDC4F0FA}.Debug|Any CPU.Build.0 = Debug|Any CPU
		{8C3D3A2A-9AAB-4DB9-B578-9308CDC4F0FA}.Debug|ARM.ActiveCfg = Debug|Any CPU
		{8C3D3A2A-9AAB-4DB9-B578-9308CDC4F0FA}.Debug|x64.ActiveCfg = Debug|Any CPU
		{8C3D3A2A-9AAB-4DB9-B578-9308CDC4F0FA}.Debug|x86.ActiveCfg = Debug|Any CPU
		{8C3D3A2A-9AAB-4DB9-B578-9308CDC4F0FA}.Release|Any CPU.ActiveCfg = Release|Any CPU
		{8C3D3A2A-9AAB-4DB9-B578-9308CDC4F0FA}.Release|Any CPU.Build.0 = Release|Any CPU
		{8C3D3A2A-9AAB-4DB9-B578-9308CDC4F0FA}.Release|ARM.ActiveCfg = Release|Any CPU
		{8C3D3A2A-9AAB-4DB9-B578-9308CDC4F0FA}.Release|x64.ActiveCfg = Release|Any CPU
		{8C3D3A2A-9AAB-4DB9-B578-9308CDC4F0FA}.Release|x86.ActiveCfg = Release|Any CPU
		{4B8DB4E8-4AF1-4C13-8BB7-5438425BE716}.Debug|Any CPU.ActiveCfg = Debug|Any CPU
		{4B8DB4E8-4AF1-4C13-8BB7-5438425BE716}.Debug|Any CPU.Build.0 = Debug|Any CPU
		{4B8DB4E8-4AF1-4C13-8BB7-5438425BE716}.Debug|ARM.ActiveCfg = Debug|Any CPU
		{4B8DB4E8-4AF1-4C13-8BB7-5438425BE716}.Debug|x64.ActiveCfg = Debug|x64
		{4B8DB4E8-4AF1-4C13-8BB7-5438425BE716}.Debug|x64.Build.0 = Debug|x64
		{4B8DB4E8-4AF1-4C13-8BB7-5438425BE716}.Debug|x86.ActiveCfg = Debug|x86
		{4B8DB4E8-4AF1-4C13-8BB7-5438425BE716}.Debug|x86.Build.0 = Debug|x86
		{4B8DB4E8-4AF1-4C13-8BB7-5438425BE716}.Release|Any CPU.ActiveCfg = Release|Any CPU
		{4B8DB4E8-4AF1-4C13-8BB7-5438425BE716}.Release|Any CPU.Build.0 = Release|Any CPU
		{4B8DB4E8-4AF1-4C13-8BB7-5438425BE716}.Release|ARM.ActiveCfg = Release|Any CPU
		{4B8DB4E8-4AF1-4C13-8BB7-5438425BE716}.Release|x64.ActiveCfg = Release|x64
		{4B8DB4E8-4AF1-4C13-8BB7-5438425BE716}.Release|x64.Build.0 = Release|x64
		{4B8DB4E8-4AF1-4C13-8BB7-5438425BE716}.Release|x86.ActiveCfg = Release|x86
		{4B8DB4E8-4AF1-4C13-8BB7-5438425BE716}.Release|x86.Build.0 = Release|x86
		{BDA1A291-239E-4F82-B19F-F658548116F3}.Debug|Any CPU.ActiveCfg = Debug|Any CPU
		{BDA1A291-239E-4F82-B19F-F658548116F3}.Debug|Any CPU.Build.0 = Debug|Any CPU
		{BDA1A291-239E-4F82-B19F-F658548116F3}.Debug|ARM.ActiveCfg = Debug|Any CPU
		{BDA1A291-239E-4F82-B19F-F658548116F3}.Debug|x64.ActiveCfg = Debug|Any CPU
		{BDA1A291-239E-4F82-B19F-F658548116F3}.Debug|x86.ActiveCfg = Debug|Any CPU
		{BDA1A291-239E-4F82-B19F-F658548116F3}.Release|Any CPU.ActiveCfg = Release|Any CPU
		{BDA1A291-239E-4F82-B19F-F658548116F3}.Release|Any CPU.Build.0 = Release|Any CPU
		{BDA1A291-239E-4F82-B19F-F658548116F3}.Release|ARM.ActiveCfg = Release|Any CPU
		{BDA1A291-239E-4F82-B19F-F658548116F3}.Release|x64.ActiveCfg = Release|Any CPU
		{BDA1A291-239E-4F82-B19F-F658548116F3}.Release|x86.ActiveCfg = Release|Any CPU
		{8A2B2F02-5FDA-4C77-92E7-A89FCB43BD20}.Debug|Any CPU.ActiveCfg = Debug|Any CPU
		{8A2B2F02-5FDA-4C77-92E7-A89FCB43BD20}.Debug|Any CPU.Build.0 = Debug|Any CPU
		{8A2B2F02-5FDA-4C77-92E7-A89FCB43BD20}.Debug|ARM.ActiveCfg = Debug|Any CPU
		{8A2B2F02-5FDA-4C77-92E7-A89FCB43BD20}.Debug|x64.ActiveCfg = Debug|Any CPU
		{8A2B2F02-5FDA-4C77-92E7-A89FCB43BD20}.Debug|x86.ActiveCfg = Debug|Any CPU
		{8A2B2F02-5FDA-4C77-92E7-A89FCB43BD20}.Release|Any CPU.ActiveCfg = Release|Any CPU
		{8A2B2F02-5FDA-4C77-92E7-A89FCB43BD20}.Release|Any CPU.Build.0 = Release|Any CPU
		{8A2B2F02-5FDA-4C77-92E7-A89FCB43BD20}.Release|ARM.ActiveCfg = Release|Any CPU
		{8A2B2F02-5FDA-4C77-92E7-A89FCB43BD20}.Release|x64.ActiveCfg = Release|Any CPU
		{8A2B2F02-5FDA-4C77-92E7-A89FCB43BD20}.Release|x86.ActiveCfg = Release|Any CPU
		{6017D766-42B0-458F-90FE-B4056B0EFE4E}.Debug|Any CPU.ActiveCfg = Debug|Any CPU
		{6017D766-42B0-458F-90FE-B4056B0EFE4E}.Debug|Any CPU.Build.0 = Debug|Any CPU
		{6017D766-42B0-458F-90FE-B4056B0EFE4E}.Debug|ARM.ActiveCfg = Debug|Any CPU
		{6017D766-42B0-458F-90FE-B4056B0EFE4E}.Debug|x64.ActiveCfg = Debug|x64
		{6017D766-42B0-458F-90FE-B4056B0EFE4E}.Debug|x64.Build.0 = Debug|x64
		{6017D766-42B0-458F-90FE-B4056B0EFE4E}.Debug|x86.ActiveCfg = Debug|x86
		{6017D766-42B0-458F-90FE-B4056B0EFE4E}.Debug|x86.Build.0 = Debug|x86
		{6017D766-42B0-458F-90FE-B4056B0EFE4E}.Release|Any CPU.ActiveCfg = Release|Any CPU
		{6017D766-42B0-458F-90FE-B4056B0EFE4E}.Release|Any CPU.Build.0 = Release|Any CPU
		{6017D766-42B0-458F-90FE-B4056B0EFE4E}.Release|ARM.ActiveCfg = Release|Any CPU
		{6017D766-42B0-458F-90FE-B4056B0EFE4E}.Release|x64.ActiveCfg = Release|x64
		{6017D766-42B0-458F-90FE-B4056B0EFE4E}.Release|x64.Build.0 = Release|x64
		{6017D766-42B0-458F-90FE-B4056B0EFE4E}.Release|x86.ActiveCfg = Release|x86
		{6017D766-42B0-458F-90FE-B4056B0EFE4E}.Release|x86.Build.0 = Release|x86
		{3E663574-9D93-4223-88E3-E002821AF80B}.Debug|Any CPU.ActiveCfg = Debug|Any CPU
		{3E663574-9D93-4223-88E3-E002821AF80B}.Debug|Any CPU.Build.0 = Debug|Any CPU
		{3E663574-9D93-4223-88E3-E002821AF80B}.Debug|ARM.ActiveCfg = Debug|Any CPU
		{3E663574-9D93-4223-88E3-E002821AF80B}.Debug|x64.ActiveCfg = Debug|x64
		{3E663574-9D93-4223-88E3-E002821AF80B}.Debug|x64.Build.0 = Debug|x64
		{3E663574-9D93-4223-88E3-E002821AF80B}.Debug|x86.ActiveCfg = Debug|x86
		{3E663574-9D93-4223-88E3-E002821AF80B}.Debug|x86.Build.0 = Debug|x86
		{3E663574-9D93-4223-88E3-E002821AF80B}.Release|Any CPU.ActiveCfg = Release|Any CPU
		{3E663574-9D93-4223-88E3-E002821AF80B}.Release|Any CPU.Build.0 = Release|Any CPU
		{3E663574-9D93-4223-88E3-E002821AF80B}.Release|ARM.ActiveCfg = Release|Any CPU
		{3E663574-9D93-4223-88E3-E002821AF80B}.Release|x64.ActiveCfg = Release|x64
		{3E663574-9D93-4223-88E3-E002821AF80B}.Release|x64.Build.0 = Release|x64
		{3E663574-9D93-4223-88E3-E002821AF80B}.Release|x86.ActiveCfg = Release|x86
		{3E663574-9D93-4223-88E3-E002821AF80B}.Release|x86.Build.0 = Release|x86
		{B44D24B2-318A-4F14-8E5D-895D5A3387E2}.Debug|Any CPU.ActiveCfg = Debug|Any CPU
		{B44D24B2-318A-4F14-8E5D-895D5A3387E2}.Debug|Any CPU.Build.0 = Debug|Any CPU
		{B44D24B2-318A-4F14-8E5D-895D5A3387E2}.Debug|ARM.ActiveCfg = Debug|Any CPU
		{B44D24B2-318A-4F14-8E5D-895D5A3387E2}.Debug|x64.ActiveCfg = Debug|x64
		{B44D24B2-318A-4F14-8E5D-895D5A3387E2}.Debug|x64.Build.0 = Debug|x64
		{B44D24B2-318A-4F14-8E5D-895D5A3387E2}.Debug|x86.ActiveCfg = Debug|x86
		{B44D24B2-318A-4F14-8E5D-895D5A3387E2}.Debug|x86.Build.0 = Debug|x86
		{B44D24B2-318A-4F14-8E5D-895D5A3387E2}.Release|Any CPU.ActiveCfg = Release|Any CPU
		{B44D24B2-318A-4F14-8E5D-895D5A3387E2}.Release|Any CPU.Build.0 = Release|Any CPU
		{B44D24B2-318A-4F14-8E5D-895D5A3387E2}.Release|ARM.ActiveCfg = Release|Any CPU
		{B44D24B2-318A-4F14-8E5D-895D5A3387E2}.Release|x64.ActiveCfg = Release|x64
		{B44D24B2-318A-4F14-8E5D-895D5A3387E2}.Release|x64.Build.0 = Release|x64
		{B44D24B2-318A-4F14-8E5D-895D5A3387E2}.Release|x86.ActiveCfg = Release|x86
		{B44D24B2-318A-4F14-8E5D-895D5A3387E2}.Release|x86.Build.0 = Release|x86
		{8979A411-DACB-440D-953C-FBB54380E030}.Debug|Any CPU.ActiveCfg = Debug|Any CPU
		{8979A411-DACB-440D-953C-FBB54380E030}.Debug|Any CPU.Build.0 = Debug|Any CPU
		{8979A411-DACB-440D-953C-FBB54380E030}.Debug|ARM.ActiveCfg = Debug|Any CPU
		{8979A411-DACB-440D-953C-FBB54380E030}.Debug|x64.ActiveCfg = Debug|x64
		{8979A411-DACB-440D-953C-FBB54380E030}.Debug|x64.Build.0 = Debug|x64
		{8979A411-DACB-440D-953C-FBB54380E030}.Debug|x86.ActiveCfg = Debug|x86
		{8979A411-DACB-440D-953C-FBB54380E030}.Debug|x86.Build.0 = Debug|x86
		{8979A411-DACB-440D-953C-FBB54380E030}.Release|Any CPU.ActiveCfg = Release|Any CPU
		{8979A411-DACB-440D-953C-FBB54380E030}.Release|Any CPU.Build.0 = Release|Any CPU
		{8979A411-DACB-440D-953C-FBB54380E030}.Release|ARM.ActiveCfg = Release|Any CPU
		{8979A411-DACB-440D-953C-FBB54380E030}.Release|x64.ActiveCfg = Release|x64
		{8979A411-DACB-440D-953C-FBB54380E030}.Release|x64.Build.0 = Release|x64
		{8979A411-DACB-440D-953C-FBB54380E030}.Release|x86.ActiveCfg = Release|x86
		{8979A411-DACB-440D-953C-FBB54380E030}.Release|x86.Build.0 = Release|x86
		{969B5588-CDBB-417D-A2D5-9DD2E0C0BE83}.Debug|Any CPU.ActiveCfg = Debug|Any CPU
		{969B5588-CDBB-417D-A2D5-9DD2E0C0BE83}.Debug|Any CPU.Build.0 = Debug|Any CPU
		{969B5588-CDBB-417D-A2D5-9DD2E0C0BE83}.Debug|ARM.ActiveCfg = Debug|Any CPU
		{969B5588-CDBB-417D-A2D5-9DD2E0C0BE83}.Debug|x64.ActiveCfg = Debug|x64
		{969B5588-CDBB-417D-A2D5-9DD2E0C0BE83}.Debug|x64.Build.0 = Debug|x64
		{969B5588-CDBB-417D-A2D5-9DD2E0C0BE83}.Debug|x86.ActiveCfg = Debug|x86
		{969B5588-CDBB-417D-A2D5-9DD2E0C0BE83}.Debug|x86.Build.0 = Debug|x86
		{969B5588-CDBB-417D-A2D5-9DD2E0C0BE83}.Release|Any CPU.ActiveCfg = Release|Any CPU
		{969B5588-CDBB-417D-A2D5-9DD2E0C0BE83}.Release|Any CPU.Build.0 = Release|Any CPU
		{969B5588-CDBB-417D-A2D5-9DD2E0C0BE83}.Release|ARM.ActiveCfg = Release|Any CPU
		{969B5588-CDBB-417D-A2D5-9DD2E0C0BE83}.Release|x64.ActiveCfg = Release|x64
		{969B5588-CDBB-417D-A2D5-9DD2E0C0BE83}.Release|x64.Build.0 = Release|x64
		{969B5588-CDBB-417D-A2D5-9DD2E0C0BE83}.Release|x86.ActiveCfg = Release|x86
		{969B5588-CDBB-417D-A2D5-9DD2E0C0BE83}.Release|x86.Build.0 = Release|x86
		{A0BF2148-32F8-4B5F-8D22-F1E0B2CD0007}.Debug|Any CPU.ActiveCfg = Debug|Any CPU
		{A0BF2148-32F8-4B5F-8D22-F1E0B2CD0007}.Debug|Any CPU.Build.0 = Debug|Any CPU
		{A0BF2148-32F8-4B5F-8D22-F1E0B2CD0007}.Debug|ARM.ActiveCfg = Debug|Any CPU
		{A0BF2148-32F8-4B5F-8D22-F1E0B2CD0007}.Debug|x64.ActiveCfg = Debug|x64
		{A0BF2148-32F8-4B5F-8D22-F1E0B2CD0007}.Debug|x64.Build.0 = Debug|x64
		{A0BF2148-32F8-4B5F-8D22-F1E0B2CD0007}.Debug|x86.ActiveCfg = Debug|x86
		{A0BF2148-32F8-4B5F-8D22-F1E0B2CD0007}.Debug|x86.Build.0 = Debug|x86
		{A0BF2148-32F8-4B5F-8D22-F1E0B2CD0007}.Release|Any CPU.ActiveCfg = Release|Any CPU
		{A0BF2148-32F8-4B5F-8D22-F1E0B2CD0007}.Release|Any CPU.Build.0 = Release|Any CPU
		{A0BF2148-32F8-4B5F-8D22-F1E0B2CD0007}.Release|ARM.ActiveCfg = Release|Any CPU
		{A0BF2148-32F8-4B5F-8D22-F1E0B2CD0007}.Release|x64.ActiveCfg = Release|x64
		{A0BF2148-32F8-4B5F-8D22-F1E0B2CD0007}.Release|x64.Build.0 = Release|x64
		{A0BF2148-32F8-4B5F-8D22-F1E0B2CD0007}.Release|x86.ActiveCfg = Release|x86
		{A0BF2148-32F8-4B5F-8D22-F1E0B2CD0007}.Release|x86.Build.0 = Release|x86
	EndGlobalSection
	GlobalSection(SolutionProperties) = preSolution
		HideSolutionNode = FALSE
	EndGlobalSection
	GlobalSection(NestedProjects) = preSolution
		{EB27E068-E769-4DD1-A9E8-1CD438147D7D} = {232207F9-61B8-4FD4-B54E-16CBA43185F0}
		{8C3D3A2A-9AAB-4DB9-B578-9308CDC4F0FA} = {232207F9-61B8-4FD4-B54E-16CBA43185F0}
		{4B8DB4E8-4AF1-4C13-8BB7-5438425BE716} = {3F3F8ABA-DB11-4EFB-A930-C61EEECB5D64}
		{BDA1A291-239E-4F82-B19F-F658548116F3} = {3F3F8ABA-DB11-4EFB-A930-C61EEECB5D64}
		{8A2B2F02-5FDA-4C77-92E7-A89FCB43BD20} = {D674EB67-3E03-4879-A020-1E3DA34240B7}
		{6017D766-42B0-458F-90FE-B4056B0EFE4E} = {D674EB67-3E03-4879-A020-1E3DA34240B7}
		{3E663574-9D93-4223-88E3-E002821AF80B} = {D674EB67-3E03-4879-A020-1E3DA34240B7}
		{B44D24B2-318A-4F14-8E5D-895D5A3387E2} = {D674EB67-3E03-4879-A020-1E3DA34240B7}
		{8979A411-DACB-440D-953C-FBB54380E030} = {D674EB67-3E03-4879-A020-1E3DA34240B7}
		{969B5588-CDBB-417D-A2D5-9DD2E0C0BE83} = {D674EB67-3E03-4879-A020-1E3DA34240B7}
		{A0BF2148-32F8-4B5F-8D22-F1E0B2CD0007} = {D674EB67-3E03-4879-A020-1E3DA34240B7}
	EndGlobalSection
EndGlobal
